
Microsoft Visual Studio Solution File, Format Version 12.00
# Visual Studio Version 16
VisualStudioVersion = 16.0.30711.63
MinimumVisualStudioVersion = 10.0.40219.1
Project("{FAE04EC0-301F-11D3-BF4B-00C04F79EFBC}") = "ProjectSQL", "ProjectSQL\ProjectSQL.csproj", "{BDB5E16C-9A58-412A-81E2-BD2C1F8CC90D}"
EndProject
Global
	GlobalSection(SolutionConfigurationPlatforms) = preSolution
		Debug|Any CPU = Debug|Any CPU
		Release|Any CPU = Release|Any CPU
	EndGlobalSection
	GlobalSection(ProjectConfigurationPlatforms) = postSolution
		{BDB5E16C-9A58-412A-81E2-BD2C1F8CC90D}.Debug|Any CPU.ActiveCfg = Debug|Any CPU
		{BDB5E16C-9A58-412A-81E2-BD2C1F8CC90D}.Debug|Any CPU.Build.0 = Debug|Any CPU
		{BDB5E16C-9A58-412A-81E2-BD2C1F8CC90D}.Release|Any CPU.ActiveCfg = Release|Any CPU
		{BDB5E16C-9A58-412A-81E2-BD2C1F8CC90D}.Release|Any CPU.Build.0 = Release|Any CPU
	EndGlobalSection
	GlobalSection(SolutionProperties) = preSolution
		HideSolutionNode = FALSE
	EndGlobalSection
	GlobalSection(ExtensibilityGlobals) = postSolution
		SolutionGuid = {01E66D30-3BF8-47B2-BE18-27E2A29B603D}
	EndGlobalSection
EndGlobal
